
Microsoft Visual Studio Solution File, Format Version 12.00
# Visual Studio Version 16
VisualStudioVersion = 16.0.28803.156
MinimumVisualStudioVersion = 10.0.40219.1
Project("{FAE04EC0-301F-11D3-BF4B-00C04F79EFBC}") = "media2notasif", "media2notasif\media2notasif.csproj", "{26A32D62-C9B1-4126-9C21-06CC083BD139}"
EndProject
Global
	GlobalSection(SolutionConfigurationPlatforms) = preSolution
		Debug|Any CPU = Debug|Any CPU
		Release|Any CPU = Release|Any CPU
	EndGlobalSection
	GlobalSection(ProjectConfigurationPlatforms) = postSolution
		{26A32D62-C9B1-4126-9C21-06CC083BD139}.Debug|Any CPU.ActiveCfg = Debug|Any CPU
		{26A32D62-C9B1-4126-9C21-06CC083BD139}.Debug|Any CPU.Build.0 = Debug|Any CPU
		{26A32D62-C9B1-4126-9C21-06CC083BD139}.Release|Any CPU.ActiveCfg = Release|Any CPU
		{26A32D62-C9B1-4126-9C21-06CC083BD139}.Release|Any CPU.Build.0 = Release|Any CPU
	EndGlobalSection
	GlobalSection(SolutionProperties) = preSolution
		HideSolutionNode = FALSE
	EndGlobalSection
	GlobalSection(ExtensibilityGlobals) = postSolution
		SolutionGuid = {C76E8F0E-C6CA-4D07-819B-90636449F13B}
	EndGlobalSection
EndGlobal
