
Microsoft Visual Studio Solution File, Format Version 12.00
# Visual Studio 2013
VisualStudioVersion = 12.0.21005.1
MinimumVisualStudioVersion = 10.0.40219.1
Project("{FAE04EC0-301F-11D3-BF4B-00C04F79EFBC}") = "Raio", "Raio\Raio.csproj", "{AF70897E-8134-418F-83D8-EDE8A80FB8AA}"
EndProject
Global
	GlobalSection(SolutionConfigurationPlatforms) = preSolution
		Debug|Any CPU = Debug|Any CPU
		Release|Any CPU = Release|Any CPU
	EndGlobalSection
	GlobalSection(ProjectConfigurationPlatforms) = postSolution
		{AF70897E-8134-418F-83D8-EDE8A80FB8AA}.Debug|Any CPU.ActiveCfg = Debug|Any CPU
		{AF70897E-8134-418F-83D8-EDE8A80FB8AA}.Debug|Any CPU.Build.0 = Debug|Any CPU
		{AF70897E-8134-418F-83D8-EDE8A80FB8AA}.Release|Any CPU.ActiveCfg = Release|Any CPU
		{AF70897E-8134-418F-83D8-EDE8A80FB8AA}.Release|Any CPU.Build.0 = Release|Any CPU
	EndGlobalSection
	GlobalSection(SolutionProperties) = preSolution
		HideSolutionNode = FALSE
	EndGlobalSection
EndGlobal
